
Microsoft Visual Studio Solution File, Format Version 12.00
# Visual Studio 15
VisualStudioVersion = 15.0.27004.2002
MinimumVisualStudioVersion = 10.0.40219.1
Project("{D2ABAB84-BF74-430A-B69E-9DC6D40DDA17}") = "AIRLINE_AS_PROJECT", "AIRLINE_AS_PROJECT\AIRLINE_AS_PROJECT.dwproj", "{8AEA16B6-9CC8-4552-A6D6-3FD9D7DE101B}"
EndProject
Global
	GlobalSection(SolutionConfigurationPlatforms) = preSolution
		Development|Default = Development|Default
	EndGlobalSection
	GlobalSection(ProjectConfigurationPlatforms) = postSolution
		{8AEA16B6-9CC8-4552-A6D6-3FD9D7DE101B}.Development|Default.ActiveCfg = Development
		{8AEA16B6-9CC8-4552-A6D6-3FD9D7DE101B}.Development|Default.Build.0 = Development
		{8AEA16B6-9CC8-4552-A6D6-3FD9D7DE101B}.Development|Default.Deploy.0 = Development
	EndGlobalSection
	GlobalSection(SolutionProperties) = preSolution
		HideSolutionNode = FALSE
	EndGlobalSection
	GlobalSection(ExtensibilityGlobals) = postSolution
		SolutionGuid = {2F8153E4-838E-40C5-A0AF-BA4CF3877284}
	EndGlobalSection
EndGlobal
